
Microsoft Visual Studio Solution File, Format Version 12.00
# Visual Studio 15
VisualStudioVersion = 15.0.26730.16
MinimumVisualStudioVersion = 10.0.40219.1
Project("{9A19103F-16F7-4668-BE54-9A1E7A4F7556}") = "01. URL Decode", "01. 1. URL Decode\01. URL Decode.csproj", "{3094942F-4260-4B41-90B1-F8C09303C0CB}"
EndProject
Project("{9A19103F-16F7-4668-BE54-9A1E7A4F7556}") = "02. Validate URL", "02. Validate URL\02. Validate URL.csproj", "{1B75A1C2-DCDC-4DCE-B097-D1FBD90DE9F2}"
EndProject
Project("{FAE04EC0-301F-11D3-BF4B-00C04F79EFBC}") = "03. Request Parser", "03. Request Parser\03. Request Parser.csproj", "{F3E7D870-CCA0-4C69-9A4E-3E51BE052CFE}"
EndProject
Global
	GlobalSection(SolutionConfigurationPlatforms) = preSolution
		Debug|Any CPU = Debug|Any CPU
		Release|Any CPU = Release|Any CPU
	EndGlobalSection
	GlobalSection(ProjectConfigurationPlatforms) = postSolution
		{3094942F-4260-4B41-90B1-F8C09303C0CB}.Debug|Any CPU.ActiveCfg = Debug|Any CPU
		{3094942F-4260-4B41-90B1-F8C09303C0CB}.Debug|Any CPU.Build.0 = Debug|Any CPU
		{3094942F-4260-4B41-90B1-F8C09303C0CB}.Release|Any CPU.ActiveCfg = Release|Any CPU
		{3094942F-4260-4B41-90B1-F8C09303C0CB}.Release|Any CPU.Build.0 = Release|Any CPU
		{1B75A1C2-DCDC-4DCE-B097-D1FBD90DE9F2}.Debug|Any CPU.ActiveCfg = Debug|Any CPU
		{1B75A1C2-DCDC-4DCE-B097-D1FBD90DE9F2}.Debug|Any CPU.Build.0 = Debug|Any CPU
		{1B75A1C2-DCDC-4DCE-B097-D1FBD90DE9F2}.Release|Any CPU.ActiveCfg = Release|Any CPU
		{1B75A1C2-DCDC-4DCE-B097-D1FBD90DE9F2}.Release|Any CPU.Build.0 = Release|Any CPU
		{F3E7D870-CCA0-4C69-9A4E-3E51BE052CFE}.Debug|Any CPU.ActiveCfg = Debug|Any CPU
		{F3E7D870-CCA0-4C69-9A4E-3E51BE052CFE}.Debug|Any CPU.Build.0 = Debug|Any CPU
		{F3E7D870-CCA0-4C69-9A4E-3E51BE052CFE}.Release|Any CPU.ActiveCfg = Release|Any CPU
		{F3E7D870-CCA0-4C69-9A4E-3E51BE052CFE}.Release|Any CPU.Build.0 = Release|Any CPU
	EndGlobalSection
	GlobalSection(SolutionProperties) = preSolution
		HideSolutionNode = FALSE
	EndGlobalSection
	GlobalSection(ExtensibilityGlobals) = postSolution
		SolutionGuid = {B3C4C2EF-BC98-41DB-A476-CD1FB57967E5}
	EndGlobalSection
EndGlobal
